
Microsoft Visual Studio Solution File, Format Version 12.00
# Visual Studio Version 17
VisualStudioVersion = 17.5.33627.172
MinimumVisualStudioVersion = 10.0.40219.1
Project("{FAE04EC0-301F-11D3-BF4B-00C04F79EFBC}") = "HelloWorld", "HelloWorld\HelloWorld.csproj", "{EDC46137-F7AD-4E0A-829C-A800AE802E60}"
EndProject
Global
	GlobalSection(SolutionConfigurationPlatforms) = preSolution
		Debug|Any CPU = Debug|Any CPU
		Release|Any CPU = Release|Any CPU
	EndGlobalSection
	GlobalSection(ProjectConfigurationPlatforms) = postSolution
		{EDC46137-F7AD-4E0A-829C-A800AE802E60}.Debug|Any CPU.ActiveCfg = Debug|Any CPU
		{EDC46137-F7AD-4E0A-829C-A800AE802E60}.Debug|Any CPU.Build.0 = Debug|Any CPU
		{EDC46137-F7AD-4E0A-829C-A800AE802E60}.Release|Any CPU.ActiveCfg = Release|Any CPU
		{EDC46137-F7AD-4E0A-829C-A800AE802E60}.Release|Any CPU.Build.0 = Release|Any CPU
	EndGlobalSection
	GlobalSection(SolutionProperties) = preSolution
		HideSolutionNode = FALSE
	EndGlobalSection
	GlobalSection(ExtensibilityGlobals) = postSolution
		SolutionGuid = {7E0C4106-4D9F-4D0B-A709-8DE6612A140C}
	EndGlobalSection
EndGlobal
